// !$*UTF8*$!
{
	archiveVersion = 1;
	classes = {
	};
	objectVersion = 46;
	objects = {

/* Begin PBXBuildFile section */
		73927D8B2098650F00302882 /* create_date_number_link.cpp in Sources */ = {isa = PBXBuildFile; fileRef = 73927D892098650F00302882 /* create_date_number_link.cpp */; };
		73927D8F2099F23900302882 /* T-brain.cpp in Sources */ = {isa = PBXBuildFile; fileRef = 73927D8D2099F23900302882 /* T-brain.cpp */; };
		73927D922099F6F300302882 /* note.cpp in Sources */ = {isa = PBXBuildFile; fileRef = 73927D902099F6F300302882 /* note.cpp */; };
		73927D952099F83500302882 /* StockClass.cpp in Sources */ = {isa = PBXBuildFile; fileRef = 73927D932099F83500302882 /* StockClass.cpp */; };
/* End PBXBuildFile section */

/* Begin PBXCopyFilesBuildPhase section */
		73927D7D209863CA00302882 /* CopyFiles */ = {
			isa = PBXCopyFilesBuildPhase;
			buildActionMask = 2147483647;
			dstPath = /usr/share/man/man1/;
			dstSubfolderSpec = 0;
			files = (
			);
			runOnlyForDeploymentPostprocessing = 1;
		};
/* End PBXCopyFilesBuildPhase section */

/* Begin PBXFileReference section */
		73927D7F209863CA00302882 /* T-brain */ = {isa = PBXFileReference; explicitFileType = "compiled.mach-o.executable"; includeInIndex = 0; path = "T-brain"; sourceTree = BUILT_PRODUCTS_DIR; };
		73927D892098650F00302882 /* create_date_number_link.cpp */ = {isa = PBXFileReference; fileEncoding = 4; lastKnownFileType = sourcecode.cpp.cpp; path = create_date_number_link.cpp; sourceTree = "<group>"; };
		73927D8A2098650F00302882 /* create_date_number_link.hpp */ = {isa = PBXFileReference; fileEncoding = 4; lastKnownFileType = sourcecode.cpp.h; path = create_date_number_link.hpp; sourceTree = "<group>"; };
		73927D8D2099F23900302882 /* T-brain.cpp */ = {isa = PBXFileReference; fileEncoding = 4; lastKnownFileType = sourcecode.cpp.cpp; path = "T-brain.cpp"; sourceTree = "<group>"; };
		73927D8E2099F23900302882 /* T-brain.hpp */ = {isa = PBXFileReference; fileEncoding = 4; lastKnownFileType = sourcecode.cpp.h; path = "T-brain.hpp"; sourceTree = "<group>"; };
		73927D902099F6F300302882 /* note.cpp */ = {isa = PBXFileReference; fileEncoding = 4; lastKnownFileType = sourcecode.cpp.cpp; path = note.cpp; sourceTree = "<group>"; };
		73927D912099F6F300302882 /* note.hpp */ = {isa = PBXFileReference; fileEncoding = 4; lastKnownFileType = sourcecode.cpp.h; path = note.hpp; sourceTree = "<group>"; };
		73927D932099F83500302882 /* StockClass.cpp */ = {isa = PBXFileReference; fileEncoding = 4; lastKnownFileType = sourcecode.cpp.cpp; path = StockClass.cpp; sourceTree = "<group>"; };
		73927D942099F83500302882 /* StockClass.hpp */ = {isa = PBXFileReference; fileEncoding = 4; lastKnownFileType = sourcecode.cpp.h; path = StockClass.hpp; sourceTree = "<group>"; };
/* End PBXFileReference section */

/* Begin PBXFrameworksBuildPhase section */
		73927D7C209863CA00302882 /* Frameworks */ = {
			isa = PBXFrameworksBuildPhase;
			buildActionMask = 2147483647;
			files = (
			);
			runOnlyForDeploymentPostprocessing = 0;
		};
/* End PBXFrameworksBuildPhase section */

/* Begin PBXGroup section */
		73927D76209863CA00302882 = {
			isa = PBXGroup;
			children = (
				73927D81209863CA00302882 /* T-brain */,
				73927D80209863CA00302882 /* Products */,
			);
			sourceTree = "<group>";
		};
		73927D80209863CA00302882 /* Products */ = {
			isa = PBXGroup;
			children = (
				73927D7F209863CA00302882 /* T-brain */,
			);
			name = Products;
			sourceTree = "<group>";
		};
		73927D81209863CA00302882 /* T-brain */ = {
			isa = PBXGroup;
			children = (
				73927D8D2099F23900302882 /* T-brain.cpp */,
				73927D902099F6F300302882 /* note.cpp */,
				73927D932099F83500302882 /* StockClass.cpp */,
				73927D942099F83500302882 /* StockClass.hpp */,
				73927D912099F6F300302882 /* note.hpp */,
				73927D8E2099F23900302882 /* T-brain.hpp */,
				73927D892098650F00302882 /* create_date_number_link.cpp */,
				73927D8A2098650F00302882 /* create_date_number_link.hpp */,
			);
			path = "T-brain";
			sourceTree = "<group>";
		};
/* End PBXGroup section */

/* Begin PBXNativeTarget section */
		73927D7E209863CA00302882 /* T-brain */ = {
			isa = PBXNativeTarget;
			buildConfigurationList = 73927D86209863CA00302882 /* Build configuration list for PBXNativeTarget "T-brain" */;
			buildPhases = (
				73927D7B209863CA00302882 /* Sources */,
				73927D7C209863CA00302882 /* Frameworks */,
				73927D7D209863CA00302882 /* CopyFiles */,
			);
			buildRules = (
			);
			dependencies = (
			);
			name = "T-brain";
			productName = "T-brain";
			productReference = 73927D7F209863CA00302882 /* T-brain */;
			productType = "com.apple.product-type.tool";
		};
/* End PBXNativeTarget section */

/* Begin PBXProject section */
		73927D77209863CA00302882 /* Project object */ = {
			isa = PBXProject;
			attributes = {
				LastUpgradeCheck = 0820;
				ORGANIZATIONNAME = TsaiWiz;
				TargetAttributes = {
					73927D7E209863CA00302882 = {
						CreatedOnToolsVersion = 8.2;
						ProvisioningStyle = Automatic;
					};
				};
			};
			buildConfigurationList = 73927D7A209863CA00302882 /* Build configuration list for PBXProject "T-brain" */;
			compatibilityVersion = "Xcode 3.2";
			developmentRegion = English;
			hasScannedForEncodings = 0;
			knownRegions = (
				en,
			);
			mainGroup = 73927D76209863CA00302882;
			productRefGroup = 73927D80209863CA00302882 /* Products */;
			projectDirPath = "";
			projectRoot = "";
			targets = (
				73927D7E209863CA00302882 /* T-brain */,
			);
		};
/* End PBXProject section */

/* Begin PBXSourcesBuildPhase section */
		73927D7B209863CA00302882 /* Sources */ = {
			isa = PBXSourcesBuildPhase;
			buildActionMask = 2147483647;
			files = (
				73927D8F2099F23900302882 /* T-brain.cpp in Sources */,
				73927D952099F83500302882 /* StockClass.cpp in Sources */,
				73927D8B2098650F00302882 /* create_date_number_link.cpp in Sources */,
				73927D922099F6F300302882 /* note.cpp in Sources */,
			);
			runOnlyForDeploymentPostprocessing = 0;
		};
/* End PBXSourcesBuildPhase section */

/* Begin XCBuildConfiguration section */
		73927D84209863CA00302882 /* Debug */ = {
			isa = XCBuildConfiguration;
			buildSettings = {
				ALWAYS_SEARCH_USER_PATHS = NO;
				CLANG_ANALYZER_NONNULL = YES;
				CLANG_CXX_LANGUAGE_STANDARD = "gnu++0x";
				CLANG_CXX_LIBRARY = "libc++";
				CLANG_ENABLE_MODULES = YES;
				CLANG_ENABLE_OBJC_ARC = YES;
				CLANG_WARN_BOOL_CONVERSION = YES;
				CLANG_WARN_CONSTANT_CONVERSION = YES;
				CLANG_WARN_DIRECT_OBJC_ISA_USAGE = YES_ERROR;
				CLANG_WARN_DOCUMENTATION_COMMENTS = YES;
				CLANG_WARN_EMPTY_BODY = YES;
				CLANG_WARN_ENUM_CONVERSION = YES;
				CLANG_WARN_INFINITE_RECURSION = YES;
				CLANG_WARN_INT_CONVERSION = YES;
				CLANG_WARN_OBJC_ROOT_CLASS = YES_ERROR;
				CLANG_WARN_SUSPICIOUS_MOVE = YES;
				CLANG_WARN_UNREACHABLE_CODE = YES;
				CLANG_WARN__DUPLICATE_METHOD_MATCH = YES;
				CODE_SIGN_IDENTITY = "-";
				COPY_PHASE_STRIP = NO;
				DEBUG_INFORMATION_FORMAT = dwarf;
				ENABLE_STRICT_OBJC_MSGSEND = YES;
				ENABLE_TESTABILITY = YES;
				GCC_C_LANGUAGE_STANDARD = gnu99;
				GCC_DYNAMIC_NO_PIC = NO;
				GCC_NO_COMMON_BLOCKS = YES;
				GCC_OPTIMIZATION_LEVEL = 0;
				GCC_PREPROCESSOR_DEFINITIONS = (
					"DEBUG=1",
					"$(inherited)",
				);
				GCC_WARN_64_TO_32_BIT_CONVERSION = YES;
				GCC_WARN_ABOUT_RETURN_TYPE = YES_ERROR;
				GCC_WARN_UNDECLARED_SELECTOR = YES;
				GCC_WARN_UNINITIALIZED_AUTOS = YES_AGGRESSIVE;
				GCC_WARN_UNUSED_FUNCTION = YES;
				GCC_WARN_UNUSED_VARIABLE = YES;
				MACOSX_DEPLOYMENT_TARGET = 10.11;
				MTL_ENABLE_DEBUG_INFO = YES;
				ONLY_ACTIVE_ARCH = YES;
				SDKROOT = macosx;
			};
			name = Debug;
		};
		73927D85209863CA00302882 /* Release */ = {
			isa = XCBuildConfiguration;
			buildSettings = {
				ALWAYS_SEARCH_USER_PATHS = NO;
				CLANG_ANALYZER_NONNULL = YES;
				CLANG_CXX_LANGUAGE_STANDARD = "gnu++0x";
				CLANG_CXX_LIBRARY = "libc++";
				CLANG_ENABLE_MODULES = YES;
				CLANG_ENABLE_OBJC_ARC = YES;
				CLANG_WARN_BOOL_CONVERSION = YES;
				CLANG_WARN_CONSTANT_CONVERSION = YES;
				CLANG_WARN_DIRECT_OBJC_ISA_USAGE = YES_ERROR;
				CLANG_WARN_DOCUMENTATION_COMMENTS = YES;
				CLANG_WARN_EMPTY_BODY = YES;
				CLANG_WARN_ENUM_CONVERSION = YES;
				CLANG_WARN_INFINITE_RECURSION = YES;
				CLANG_WARN_INT_CONVERSION = YES;
				CLANG_WARN_OBJC_ROOT_CLASS = YES_ERROR;
				CLANG_WARN_SUSPICIOUS_MOVE = YES;
				CLANG_WARN_UNREACHABLE_CODE = YES;
				CLANG_WARN__DUPLICATE_METHOD_MATCH = YES;
				CODE_SIGN_IDENTITY = "-";
				COPY_PHASE_STRIP = NO;
				DEBUG_INFORMATION_FORMAT = "dwarf-with-dsym";
				ENABLE_NS_ASSERTIONS = NO;
				ENABLE_STRICT_OBJC_MSGSEND = YES;
				GCC_C_LANGUAGE_STANDARD = gnu99;
				GCC_NO_COMMON_BLOCKS = YES;
				GCC_WARN_64_TO_32_BIT_CONVERSION = YES;
				GCC_WARN_ABOUT_RETURN_TYPE = YES_ERROR;
				GCC_WARN_UNDECLARED_SELECTOR = YES;
				GCC_WARN_UNINITIALIZED_AUTOS = YES_AGGRESSIVE;
				GCC_WARN_UNUSED_FUNCTION = YES;
				GCC_WARN_UNUSED_VARIABLE = YES;
				MACOSX_DEPLOYMENT_TARGET = 10.11;
				MTL_ENABLE_DEBUG_INFO = NO;
				SDKROOT = macosx;
			};
			name = Release;
		};
		73927D87209863CA00302882 /* Debug */ = {
			isa = XCBuildConfiguration;
			buildSettings = {
				HEADER_SEARCH_PATHS = /usr/local/include;
				LIBRARY_SEARCH_PATHS = /usr/local/lib;
				OTHER_LDFLAGS = (
					"-lopencv_calib3d",
					"-lopencv_core",
					"-lopencv_features2d",
					"-lopencv_flann",
					"-lopencv_highgui",
					"-lopencv_imgcodecs",
					"-lopencv_imgproc",
					"-lopencv_ml",
					"-lopencv_objdetect",
					"-lopencv_photo",
					"-lopencv_shape",
					"-lopencv_stitching",
					"-lopencv_superres",
					"-lopencv_ts",
					"-lopencv_video",
					"-lopencv_videoio",
					"-lopencv_videostab",
				);
				PRODUCT_NAME = "$(TARGET_NAME)";
			};
			name = Debug;
		};
		73927D88209863CA00302882 /* Release */ = {
			isa = XCBuildConfiguration;
			buildSettings = {
				HEADER_SEARCH_PATHS = /usr/local/include;
				LIBRARY_SEARCH_PATHS = /usr/local/lib;
				OTHER_LDFLAGS = (
					"-lopencv_calib3d",
					"-lopencv_core",
					"-lopencv_features2d",
					"-lopencv_flann",
					"-lopencv_highgui",
					"-lopencv_imgcodecs",
					"-lopencv_imgproc",
					"-lopencv_ml",
					"-lopencv_objdetect",
					"-lopencv_photo",
					"-lopencv_shape",
					"-lopencv_stitching",
					"-lopencv_superres",
					"-lopencv_ts",
					"-lopencv_video",
					"-lopencv_videoio",
					"-lopencv_videostab",
				);
				PRODUCT_NAME = "$(TARGET_NAME)";
			};
			name = Release;
		};
/* End XCBuildConfiguration section */

/* Begin XCConfigurationList section */
		73927D7A209863CA00302882 /* Build configuration list for PBXProject "T-brain" */ = {
			isa = XCConfigurationList;
			buildConfigurations = (
				73927D84209863CA00302882 /* Debug */,
				73927D85209863CA00302882 /* Release */,
			);
			defaultConfigurationIsVisible = 0;
			defaultConfigurationName = Release;
		};
		73927D86209863CA00302882 /* Build configuration list for PBXNativeTarget "T-brain" */ = {
			isa = XCConfigurationList;
			buildConfigurations = (
				73927D87209863CA00302882 /* Debug */,
				73927D88209863CA00302882 /* Release */,
			);
			defaultConfigurationIsVisible = 0;
		};
/* End XCConfigurationList section */
	};
	rootObject = 73927D77209863CA00302882 /* Project object */;
}
